
Microsoft Visual Studio Solution File, Format Version 12.00
# Visual Studio Version 17
VisualStudioVersion = 17.9.34728.123
MinimumVisualStudioVersion = 10.0.40219.1
Project("{9A19103F-16F7-4668-BE54-9A1E7A4F7556}") = "TakingTurns", "TakingTurns.csproj", "{37F70259-5F5A-452C-8BFA-7C5158A822C0}"
EndProject
Project("{9A19103F-16F7-4668-BE54-9A1E7A4F7556}") = "TakingTurns.Testing", "..\TakingTurns.Testing\TakingTurns.Testing.csproj", "{AA590BDE-C55F-4C18-A764-0FBB51E7474E}"
EndProject
Global
	GlobalSection(SolutionConfigurationPlatforms) = preSolution
		Debug|Any CPU = Debug|Any CPU
		Release|Any CPU = Release|Any CPU
	EndGlobalSection
	GlobalSection(ProjectConfigurationPlatforms) = postSolution
		{37F70259-5F5A-452C-8BFA-7C5158A822C0}.Debug|Any CPU.ActiveCfg = Debug|Any CPU
		{37F70259-5F5A-452C-8BFA-7C5158A822C0}.Debug|Any CPU.Build.0 = Debug|Any CPU
		{37F70259-5F5A-452C-8BFA-7C5158A822C0}.Release|Any CPU.ActiveCfg = Release|Any CPU
		{37F70259-5F5A-452C-8BFA-7C5158A822C0}.Release|Any CPU.Build.0 = Release|Any CPU
		{AA590BDE-C55F-4C18-A764-0FBB51E7474E}.Debug|Any CPU.ActiveCfg = Debug|Any CPU
		{AA590BDE-C55F-4C18-A764-0FBB51E7474E}.Debug|Any CPU.Build.0 = Debug|Any CPU
		{AA590BDE-C55F-4C18-A764-0FBB51E7474E}.Release|Any CPU.ActiveCfg = Release|Any CPU
		{AA590BDE-C55F-4C18-A764-0FBB51E7474E}.Release|Any CPU.Build.0 = Release|Any CPU
	EndGlobalSection
	GlobalSection(SolutionProperties) = preSolution
		HideSolutionNode = FALSE
	EndGlobalSection
	GlobalSection(ExtensibilityGlobals) = postSolution
		SolutionGuid = {E02E1EC3-D779-4770-BA31-2124171E4FB7}
	EndGlobalSection
EndGlobal
